# This file is automatically @generated by Cargo.
# It is not intended for manual editing.
version = 3

[[package]]
name = "rust_app_one"
version = "0.1.0"
dependencies = [
 "rust_lib_one",
 "rust_lib_two",
]

[[package]]
name = "rust_lib_one"
version = "0.1.0"
dependencies = [
 "rust_lib_two",
]

[[package]]
name = "rust_lib_two"
version = "0.1.0"
